
Microsoft Visual Studio Solution File, Format Version 12.00
# Visual Studio Version 16
VisualStudioVersion = 16.0.31829.152
MinimumVisualStudioVersion = 10.0.40219.1
Project("{FAE04EC0-301F-11D3-BF4B-00C04F79EFBC}") = "ConsoleAppEndProject", "ConsoleAppEndProject\ConsoleAppEndProject.csproj", "{AAA606FC-9734-4847-A403-BC699606E1DE}"
EndProject
Project("{FAE04EC0-301F-11D3-BF4B-00C04F79EFBC}") = "Domain", "Domain\Domain.csproj", "{4CD8094B-0642-48EE-9956-E741F1F05EF7}"
EndProject
Project("{FAE04EC0-301F-11D3-BF4B-00C04F79EFBC}") = "Repository", "Repository\Repository.csproj", "{417CA3B3-8C8B-480B-8B0F-8CFD4BC1D2A4}"
EndProject
Project("{FAE04EC0-301F-11D3-BF4B-00C04F79EFBC}") = "Service", "Service\Service.csproj", "{86B999A3-81D2-4BD7-868D-0C0079C021F5}"
EndProject
Global
	GlobalSection(SolutionConfigurationPlatforms) = preSolution
		Debug|Any CPU = Debug|Any CPU
		Release|Any CPU = Release|Any CPU
	EndGlobalSection
	GlobalSection(ProjectConfigurationPlatforms) = postSolution
		{AAA606FC-9734-4847-A403-BC699606E1DE}.Debug|Any CPU.ActiveCfg = Debug|Any CPU
		{AAA606FC-9734-4847-A403-BC699606E1DE}.Debug|Any CPU.Build.0 = Debug|Any CPU
		{AAA606FC-9734-4847-A403-BC699606E1DE}.Release|Any CPU.ActiveCfg = Release|Any CPU
		{AAA606FC-9734-4847-A403-BC699606E1DE}.Release|Any CPU.Build.0 = Release|Any CPU
		{4CD8094B-0642-48EE-9956-E741F1F05EF7}.Debug|Any CPU.ActiveCfg = Debug|Any CPU
		{4CD8094B-0642-48EE-9956-E741F1F05EF7}.Debug|Any CPU.Build.0 = Debug|Any CPU
		{4CD8094B-0642-48EE-9956-E741F1F05EF7}.Release|Any CPU.ActiveCfg = Release|Any CPU
		{4CD8094B-0642-48EE-9956-E741F1F05EF7}.Release|Any CPU.Build.0 = Release|Any CPU
		{417CA3B3-8C8B-480B-8B0F-8CFD4BC1D2A4}.Debug|Any CPU.ActiveCfg = Debug|Any CPU
		{417CA3B3-8C8B-480B-8B0F-8CFD4BC1D2A4}.Debug|Any CPU.Build.0 = Debug|Any CPU
		{417CA3B3-8C8B-480B-8B0F-8CFD4BC1D2A4}.Release|Any CPU.ActiveCfg = Release|Any CPU
		{417CA3B3-8C8B-480B-8B0F-8CFD4BC1D2A4}.Release|Any CPU.Build.0 = Release|Any CPU
		{86B999A3-81D2-4BD7-868D-0C0079C021F5}.Debug|Any CPU.ActiveCfg = Debug|Any CPU
		{86B999A3-81D2-4BD7-868D-0C0079C021F5}.Debug|Any CPU.Build.0 = Debug|Any CPU
		{86B999A3-81D2-4BD7-868D-0C0079C021F5}.Release|Any CPU.ActiveCfg = Release|Any CPU
		{86B999A3-81D2-4BD7-868D-0C0079C021F5}.Release|Any CPU.Build.0 = Release|Any CPU
	EndGlobalSection
	GlobalSection(SolutionProperties) = preSolution
		HideSolutionNode = FALSE
	EndGlobalSection
	GlobalSection(ExtensibilityGlobals) = postSolution
		SolutionGuid = {0DC99D3F-01EC-4201-837D-420895A79248}
	EndGlobalSection
EndGlobal
